[[package]]
category = "main"
description = "A database migration tool for SQLAlchemy."
name = "alembic"
optional = false
python-versions = ">=2.7, !=3.0.*, !=3.1.*, !=3.2.*, !=3.3.*"
version = "1.3.1"

[package.dependencies]
Mako = "*"
SQLAlchemy = ">=1.1.0"
python-dateutil = "*"
python-editor = ">=0.3"

[[package]]
category = "dev"
description = "Disable App Nap on OS X 10.9"
marker = "sys_platform == \"darwin\""
name = "appnope"
optional = false
python-versions = "*"
version = "0.1.0"

[[package]]
category = "dev"
description = "An unobtrusive argparse wrapper with natural syntax"
name = "argh"
optional = false
python-versions = "*"
version = "0.26.2"

[[package]]
category = "main"
description = "The secure Argon2 password hashing algorithm."
name = "argon2-cffi"
optional = false
python-versions = "*"
version = "19.2.0"

[package.dependencies]
cffi = ">=1.0.0"
six = "*"

[package.dependencies.enum34]
python = "<3.4"
version = "*"

[[package]]
category = "dev"
description = "Atomic file writes."
name = "atomicwrites"
optional = false
python-versions = ">=2.7, !=3.0.*, !=3.1.*, !=3.2.*, !=3.3.*"
version = "1.3.0"

[[package]]
category = "dev"
description = "Classes Without Boilerplate"
name = "attrs"
optional = false
python-versions = ">=2.7, !=3.0.*, !=3.1.*, !=3.2.*, !=3.3.*"
version = "19.1.0"

[[package]]
category = "dev"
description = "A backport of the get_terminal_size function from Python 3.3's shutil."
marker = "python_version == \"2.7\""
name = "backports.shutil-get-terminal-size"
optional = false
python-versions = "*"
version = "1.0.0"

[[package]]
category = "main"
description = "Python package for providing Mozilla's CA Bundle."
name = "certifi"
optional = false
python-versions = "*"
version = "2019.6.16"

[[package]]
category = "main"
description = "Foreign Function Interface for Python calling C code."
name = "cffi"
optional = false
python-versions = "*"
version = "1.12.3"

[package.dependencies]
pycparser = "*"

[[package]]
category = "main"
description = "Universal encoding detector for Python 2 and 3"
name = "chardet"
optional = false
python-versions = "*"
version = "3.0.4"

[[package]]
category = "main"
description = "Composable command line interface toolkit"
name = "click"
optional = false
python-versions = ">=2.7, !=3.0.*, !=3.1.*, !=3.2.*, !=3.3.*"
version = "7.0"

[[package]]
category = "dev"
description = "Cross-platform colored terminal text."
name = "colorama"
optional = false
python-versions = ">=2.7, !=3.0.*, !=3.1.*, !=3.2.*, !=3.3.*"
version = "0.4.1"

[[package]]
category = "dev"
description = "Updated configparser from Python 3.7 for Python 2.6+."
marker = "python_version < \"3.2\""
name = "configparser"
optional = false
python-versions = ">=2.6"
version = "3.8.1"

[[package]]
category = "dev"
description = "Backports and enhancements for the contextlib module"
marker = "python_version < \"3\""
name = "contextlib2"
optional = false
python-versions = "*"
version = "0.5.5"

[[package]]
category = "dev"
description = "Code coverage measurement for Python"
name = "coverage"
optional = false
python-versions = "*"
version = "4.4.2"

[[package]]
category = "dev"
description = "Code coverage measurement for Python"
name = "coverage"
optional = false
python-versions = ">=2.6, !=3.0.*, !=3.1.*, !=3.2.*, <4"
version = "4.5.4"

[[package]]
category = "main"
description = "Better living through Python with decorators"
name = "decorator"
optional = false
python-versions = ">=2.6, !=3.0.*, !=3.1.*"
version = "4.4.0"

[[package]]
category = "dev"
description = "Pythonic argument parser, that will make you smile"
name = "docopt"
optional = false
python-versions = "*"
version = "0.6.2"

[[package]]
category = "dev"
description = "Discover and load entry points from installed packages."
name = "entrypoints"
optional = false
python-versions = ">=2.7"
version = "0.3"

[package.dependencies]
[package.dependencies.configparser]
python = ">=2.7,<2.8"
version = ">=3.5"

[[package]]
category = "main"
description = "Python 3.4 Enum backported to 3.3, 3.2, 3.1, 2.7, 2.6, 2.5, and 2.4"
marker = "python_version < \"3.4\""
name = "enum34"
optional = false
python-versions = "*"
version = "1.1.6"

[[package]]
category = "dev"
description = "the modular source code checker: pep8, pyflakes and co"
name = "flake8"
optional = false
python-versions = ">=2.7, !=3.0.*, !=3.1.*, !=3.2.*, !=3.3.*"
version = "3.7.9"

[package.dependencies]
entrypoints = ">=0.3.0,<0.4.0"
mccabe = ">=0.6.0,<0.7.0"
pycodestyle = ">=2.5.0,<2.6.0"
pyflakes = ">=2.1.0,<2.2.0"

[package.dependencies.configparser]
python = "<3.2"
version = "*"

[package.dependencies.enum34]
python = "<3.4"
version = "*"

[package.dependencies.functools32]
python = "<3.2"
version = "*"

[package.dependencies.typing]
python = "<3.5"
version = "*"

[[package]]
category = "dev"
description = "A plugin for flake8 finding likely bugs and design problems in your program. Contains warnings that don't belong in pyflakes and pycodestyle."
name = "flake8-bugbear"
optional = false
python-versions = "*"
version = "17.12.0"

[package.dependencies]
attrs = "*"
flake8 = ">=3.0.0"

[[package]]
category = "dev"
description = "Flake8 lint for trailing commas."
name = "flake8-commas"
optional = false
python-versions = "*"
version = "2.0.0"

[package.dependencies]
flake8 = ">=2,<4.0.0"

[[package]]
category = "dev"
description = "Extension for flake8 which uses pydocstyle to check docstrings"
name = "flake8-docstrings"
optional = false
python-versions = "*"
version = "1.5.0"

[package.dependencies]
flake8 = ">=3"
pydocstyle = ">=2.1"

[[package]]
category = "dev"
description = "print statement checker plugin for flake8"
name = "flake8-print"
optional = false
python-versions = "*"
version = "3.1.0"

[package.dependencies]
flake8 = ">=1.5"
pycodestyle = "*"
six = "*"

[[package]]
category = "dev"
description = "string format checker, plugin for flake8"
name = "flake8-string-format"
optional = false
python-versions = "*"
version = "0.2.3"

[package.dependencies]
flake8 = "*"

[[package]]
category = "main"
description = "A simple framework for building complex web applications."
name = "flask"
optional = false
python-versions = ">=2.7, !=3.0.*, !=3.1.*, !=3.2.*, !=3.3.*"
version = "1.0.4"

[package.dependencies]
Jinja2 = ">=2.10"
Werkzeug = ">=0.14"
click = ">=5.1"
itsdangerous = ">=0.24"

[[package]]
category = "dev"
description = "Replace default `flask shell` command by similar command running IPython."
name = "flask-shell-ipython"
optional = false
python-versions = "*"
version = "0.4.1"

[package.dependencies]
IPython = ">=5.0.0"
click = "*"
flask = ">=1.0"

[[package]]
category = "main"
description = "Adds SQLAlchemy support to your Flask application."
name = "flask-sqlalchemy"
optional = false
python-versions = ">= 2.7, != 3.0.*, != 3.1.*, != 3.2.*, != 3.3.*"
version = "2.4.1"

[package.dependencies]
Flask = ">=0.10"
SQLAlchemy = ">=0.8.0"

[[package]]
category = "dev"
description = "Let your Python tests travel through time"
name = "freezegun"
optional = false
python-versions = ">=2.7, !=3.0.*, !=3.1.*, !=3.2.*, !=3.3.*"
version = "0.3.12"

[package.dependencies]
python-dateutil = ">=1.0,<2.0 || >2.0"
six = "*"

[[package]]
category = "dev"
description = "Python function signatures from PEP362 for Python 2.6, 2.7 and 3.2+"
marker = "python_version < \"3.0\""
name = "funcsigs"
optional = false
python-versions = "*"
version = "1.0.2"

[[package]]
category = "dev"
description = "Backport of the functools module from Python 3.2.3 for use on 2.7 and PyPy."
marker = "python_version < \"3.2\""
name = "functools32"
optional = false
python-versions = "*"
version = "3.2.3-2"

[[package]]
category = "dev"
description = "A library for property based testing"
name = "hypothesis"
optional = false
python-versions = ">=2.7, !=3.0.*, !=3.1.*, !=3.2.*, !=3.3.*"
version = "4.13.0"

[package.dependencies]
attrs = ">=16.0.0"

[package.dependencies.enum34]
python = ">=2.7,<2.8"
version = "*"

[[package]]
category = "main"
description = "Internationalized Domain Names in Applications (IDNA)"
name = "idna"
optional = false
python-versions = ">=2.7, !=3.0.*, !=3.1.*, !=3.2.*, !=3.3.*"
version = "2.8"

[[package]]
category = "dev"
description = "Read metadata from Python packages"
name = "importlib-metadata"
optional = false
python-versions = ">=2.7,!=3.0,!=3.1,!=3.2,!=3.3"
version = "0.19"

[package.dependencies]
zipp = ">=0.5"

[package.dependencies.configparser]
python = "<3"
version = ">=3.5"

[package.dependencies.contextlib2]
python = "<3"
version = "*"

[[package]]
category = "dev"
description = "IPython: Productive Interactive Computing"
name = "ipython"
optional = false
python-versions = "*"
version = "5.8.0"

[package.dependencies]
appnope = "*"
colorama = "*"
decorator = "*"
pexpect = "*"
pickleshare = "*"
prompt-toolkit = ">=1.0.4,<2.0.0"
pygments = "*"
setuptools = ">=18.5"
simplegeneric = ">0.8"
traitlets = ">=4.2"

[package.dependencies."backports.shutil-get-terminal-size"]
python = ">=2.7,<2.8"
version = "*"

[package.dependencies.pathlib2]
python = ">=2.7,<2.8 || >=3.3,<3.4"
version = "*"

[package.dependencies.win-unicode-console]
python = "<3.6"
version = ">=0.5"

[[package]]
category = "dev"
description = "Vestigial utilities from IPython"
name = "ipython-genutils"
optional = false
python-versions = "*"
version = "0.2.0"

[[package]]
category = "main"
description = "Various helpers to pass data to untrusted environments and back."
name = "itsdangerous"
optional = false
python-versions = ">=2.7, !=3.0.*, !=3.1.*, !=3.2.*, !=3.3.*"
version = "1.1.0"

[[package]]
category = "main"
description = "A small but fast and easy to use stand-alone template engine written in pure python."
name = "jinja2"
optional = false
python-versions = "*"
version = "2.10.1"

[package.dependencies]
MarkupSafe = ">=0.23"

[[package]]
category = "main"
description = "A super-fast templating language that borrows the  best ideas from the existing templating languages."
name = "mako"
optional = false
python-versions = ">=2.7, !=3.0.*, !=3.1.*, !=3.2.*, !=3.3.*"
version = "1.1.0"

[package.dependencies]
MarkupSafe = ">=0.9.2"

[[package]]
category = "main"
description = "Safely add untrusted strings to HTML/XML markup."
name = "markupsafe"
optional = false
python-versions = ">=2.7,!=3.0.*,!=3.1.*,!=3.2.*,!=3.3.*"
version = "1.1.1"

[[package]]
category = "main"
description = "A lightweight library for converting complex datatypes to and from native Python datatypes."
name = "marshmallow"
optional = false
python-versions = "*"
version = "2.21.0"

[[package]]
category = "dev"
description = "McCabe checker, plugin for flake8"
name = "mccabe"
optional = false
python-versions = "*"
version = "0.6.1"

[[package]]
category = "dev"
description = "More routines for operating on iterables, beyond itertools"
marker = "python_version <= \"2.7\""
name = "more-itertools"
optional = false
python-versions = "*"
version = "5.0.0"

[package.dependencies]
six = ">=1.0.0,<2.0.0"

[[package]]
category = "dev"
description = "More routines for operating on iterables, beyond itertools"
marker = "python_version > \"2.7\""
name = "more-itertools"
optional = false
python-versions = ">=3.4"
version = "7.2.0"

[[package]]
category = "dev"
description = "Core utilities for Python packages"
name = "packaging"
optional = false
python-versions = ">=2.7, !=3.0.*, !=3.1.*, !=3.2.*, !=3.3.*"
version = "19.1"

[package.dependencies]
attrs = "*"
pyparsing = ">=2.0.2"
six = "*"

[[package]]
category = "main"
description = "comprehensive password hashing framework supporting over 30 schemes"
name = "passlib"
optional = false
python-versions = "*"
version = "1.7.2"

[[package]]
category = "dev"
description = "Object-oriented filesystem paths"
marker = "python_version < \"3.6\""
name = "pathlib2"
optional = false
python-versions = "*"
version = "2.3.4"

[package.dependencies]
six = "*"

[package.dependencies.scandir]
python = "<3.5"
version = "*"

[[package]]
category = "dev"
description = "File system general utilities"
name = "pathtools"
optional = false
python-versions = "*"
version = "0.1.2"

[[package]]
category = "dev"
description = "Pexpect allows easy control of interactive console applications."
marker = "sys_platform != \"win32\""
name = "pexpect"
optional = false
python-versions = "*"
version = "4.7.0"

[package.dependencies]
ptyprocess = ">=0.5"

[[package]]
category = "dev"
description = "Tiny 'shelve'-like database with concurrency support"
name = "pickleshare"
optional = false
python-versions = "*"
version = "0.7.5"

[package.dependencies]
[package.dependencies.pathlib2]
python = ">=2.6.0,<2.8.0 || >=3.2.0,<3.4.0"
version = "*"

[[package]]
category = "dev"
description = "plugin and hook calling mechanisms for python"
name = "pluggy"
optional = false
python-versions = ">=2.7, !=3.0.*, !=3.1.*, !=3.2.*, !=3.3.*"
version = "0.12.0"

[package.dependencies]
importlib-metadata = ">=0.12"

[[package]]
category = "dev"
description = "Library for building powerful interactive command lines in Python"
name = "prompt-toolkit"
optional = false
python-versions = "*"
version = "1.0.16"

[package.dependencies]
six = ">=1.9.0"
wcwidth = "*"

[[package]]
category = "main"
description = "psycopg2 - Python-PostgreSQL Database Adapter"
name = "psycopg2"
optional = false
python-versions = ">=2.7,!=3.0.*,!=3.1.*,!=3.2.*,!=3.3.*"
version = "2.8.4"

[[package]]
category = "dev"
description = "Run a subprocess in a pseudo terminal"
marker = "sys_platform != \"win32\""
name = "ptyprocess"
optional = false
python-versions = "*"
version = "0.6.0"

[[package]]
category = "main"
description = "Pure python version of pwgen"
name = "pwgen"
optional = false
python-versions = "*"
version = "0.8.2.post0"

[[package]]
category = "main"
description = "library with cross-python path, ini-parsing, io, code, log facilities"
name = "py"
optional = false
python-versions = ">=2.7, !=3.0.*, !=3.1.*, !=3.2.*, !=3.3.*"
version = "1.8.0"

[[package]]
category = "dev"
description = "Python style guide checker"
name = "pycodestyle"
optional = false
python-versions = ">=2.7, !=3.0.*, !=3.1.*, !=3.2.*, !=3.3.*"
version = "2.5.0"

[[package]]
category = "main"
description = "C parser in Python"
name = "pycparser"
optional = false
python-versions = ">=2.7, !=3.0.*, !=3.1.*, !=3.2.*, !=3.3.*"
version = "2.19"

[[package]]
category = "dev"
description = "Python docstring style checker"
name = "pydocstyle"
optional = false
python-versions = "*"
version = "4.0.0"

[package.dependencies]
snowballstemmer = "*"

[[package]]
category = "dev"
description = "Python docstring style checker"
name = "pydocstyle"
optional = false
python-versions = ">=3.4"
version = "4.0.1"

[package.dependencies]
snowballstemmer = "*"

[[package]]
category = "dev"
description = "passive checker of Python programs"
name = "pyflakes"
optional = false
python-versions = ">=2.7, !=3.0.*, !=3.1.*, !=3.2.*, !=3.3.*"
version = "2.1.1"

[[package]]
category = "dev"
description = "Pygments is a syntax highlighting package written in Python."
name = "pygments"
optional = false
python-versions = "*"
version = "2.3.1"

[[package]]
category = "dev"
description = "Pygments is a syntax highlighting package written in Python."
name = "pygments"
optional = false
python-versions = ">=2.7, !=3.0.*, !=3.1.*, !=3.2.*, !=3.3.*, !=3.4.*"
version = "2.4.2"

[[package]]
category = "dev"
description = "Python parsing module"
name = "pyparsing"
optional = false
python-versions = ">=2.6, !=3.0.*, !=3.1.*, !=3.2.*"
version = "2.4.2"

[[package]]
category = "dev"
description = "pytest: simple powerful testing with Python"
name = "pytest"
optional = false
python-versions = "!=3.0.*,!=3.1.*,!=3.2.*,!=3.3.*,>=2.7"
version = "4.6.7"

[package.dependencies]
atomicwrites = ">=1.0"
attrs = ">=17.4.0"
colorama = "*"
packaging = "*"
pluggy = ">=0.12,<1.0"
py = ">=1.5.0"
six = ">=1.10.0"
wcwidth = "*"

[[package.dependencies.more-itertools]]
python = "<2.8"
version = ">=4.0.0,<6.0.0"

[[package.dependencies.more-itertools]]
python = ">=2.8"
version = ">=4.0.0"

[package.dependencies.funcsigs]
python = "<3.0"
version = ">=1.0"

[package.dependencies.importlib-metadata]
python = "<3.8"
version = ">=0.12"

[package.dependencies.pathlib2]
python = "<3.6"
version = ">=2.2.0"

[[package]]
category = "dev"
description = "Pytest plugin for measuring coverage."
name = "pytest-cov"
optional = false
python-versions = ">=2.7, !=3.0.*, !=3.1.*, !=3.2.*, !=3.3.*"
version = "2.8.1"

[package.dependencies]
coverage = ">=4.4"
pytest = ">=3.6"

[[package]]
category = "dev"
description = "A set of py.test fixtures to test Flask applications."
name = "pytest-flask"
optional = false
python-versions = "*"
version = "0.15.0"

[package.dependencies]
Flask = "*"
Werkzeug = ">=0.7"
pytest = ["*", ">=3.6"]

[[package]]
category = "dev"
description = "Local continuous test runner with pytest and watchdog."
name = "pytest-watch"
optional = false
python-versions = "*"
version = "4.2.0"

[package.dependencies]
colorama = ">=0.3.3"
docopt = ">=0.4.0"
pytest = ">=2.6.4"
watchdog = ">=0.6.0"

[[package]]
category = "main"
description = "Extensions to the standard Python datetime module"
name = "python-dateutil"
optional = false
python-versions = ">=2.7, !=3.0.*, !=3.1.*, !=3.2.*"
version = "2.8.0"

[package.dependencies]
six = ">=1.5"

[[package]]
category = "main"
description = "Programmatically open an editor, capture the result."
name = "python-editor"
optional = false
python-versions = "*"
version = "1.0.4"

[[package]]
category = "dev"
description = "YAML parser and emitter for Python"
name = "pyyaml"
optional = false
python-versions = ">=2.7, !=3.0.*, !=3.1.*, !=3.2.*, !=3.3.*"
version = "5.1.2"

[[package]]
category = "main"
description = "Python HTTP for Humans."
name = "requests"
optional = false
python-versions = ">=2.7, !=3.0.*, !=3.1.*, !=3.2.*, !=3.3.*"
version = "2.21.0"

[package.dependencies]
certifi = ">=2017.4.17"
chardet = ">=3.0.2,<3.1.0"
idna = ">=2.5,<2.9"
urllib3 = ">=1.21.1,<1.25"

[[package]]
category = "main"
description = "Easy to use retry decorator."
name = "retry"
optional = false
python-versions = "*"
version = "0.9.2"

[package.dependencies]
decorator = ">=3.4.2"
py = ">=1.4.26,<2.0.0"

[[package]]
category = "dev"
description = "scandir, a better directory iterator and faster os.walk()"
marker = "python_version < \"3.5\" or python_version in \"2.6 2.7 3.2 3.3\""
name = "scandir"
optional = false
python-versions = "*"
version = "1.10.0"

[[package]]
category = "dev"
description = "Simple generic functions (similar to Python's own len(), pickle.dump(), etc.)"
name = "simplegeneric"
optional = false
python-versions = "*"
version = "0.8.1"

[[package]]
category = "main"
description = "Python 2 and 3 compatibility utilities"
name = "six"
optional = false
python-versions = ">=2.6, !=3.0.*, !=3.1.*"
version = "1.12.0"

[[package]]
category = "dev"
description = "This package provides 23 stemmers for 22 languages generated from Snowball algorithms."
name = "snowballstemmer"
optional = false
python-versions = "*"
version = "1.9.0"

[[package]]
category = "main"
description = "Database Abstraction Library"
name = "sqlalchemy"
optional = false
python-versions = ">=2.7, !=3.0.*, !=3.1.*, !=3.2.*, !=3.3.*"
version = "1.3.11"

[[package]]
category = "main"
description = "Various utility functions for SQLAlchemy."
name = "sqlalchemy-utils"
optional = false
python-versions = "*"
version = "0.36.0"

[package.dependencies]
SQLAlchemy = ">=1.0"
six = "*"

[[package]]
category = "dev"
description = "Traitlets Python config system"
name = "traitlets"
optional = false
python-versions = "*"
version = "4.3.2"

[package.dependencies]
decorator = "*"
ipython-genutils = "*"
six = "*"

[package.dependencies.enum34]
python = ">=2.7,<2.8"
version = "*"

[[package]]
category = "dev"
description = "Type Hints for Python"
marker = "python_version < \"3.5\""
name = "typing"
optional = false
python-versions = "*"
version = "3.7.4"

[[package]]
category = "main"
description = "HTTP library with thread-safe connection pooling, file post, and more."
name = "urllib3"
optional = false
python-versions = "*"
version = "1.22"

[[package]]
category = "main"
description = "HTTP library with thread-safe connection pooling, file post, and more."
name = "urllib3"
optional = false
python-versions = ">=2.7, !=3.0.*, !=3.1.*, !=3.2.*, !=3.3.*, <4"
version = "1.24.3"

[[package]]
category = "dev"
description = "Filesystem events monitoring"
name = "watchdog"
optional = false
python-versions = "*"
version = "0.9.0"

[package.dependencies]
PyYAML = ">=3.10"
argh = ">=0.24.1"
pathtools = ">=0.1.1"

[[package]]
category = "dev"
description = "Measures number of Terminal column cells of wide-character codes"
name = "wcwidth"
optional = false
python-versions = "*"
version = "0.1.7"

[[package]]
category = "main"
description = "Declarative parsing and validation of HTTP request objects, with built-in support for popular web frameworks, including Flask, Django, Bottle, Tornado, Pyramid, webapp2, Falcon, and aiohttp."
name = "webargs"
optional = false
python-versions = "*"
version = "5.5.2"

[package.dependencies]
marshmallow = ">=2.15.2"

[[package]]
category = "main"
description = "The comprehensive WSGI web application library."
name = "werkzeug"
optional = false
python-versions = ">=2.7, !=3.0.*, !=3.1.*, !=3.2.*, !=3.3.*"
version = "0.15.5"

[[package]]
category = "dev"
description = "Enable Unicode input and display when running Python from Windows console."
marker = "sys_platform == \"win32\" and python_version < \"3.6\""
name = "win-unicode-console"
optional = false
python-versions = "*"
version = "0.5"

[[package]]
category = "dev"
description = "Backport of pathlib-compatible object wrapper for zip files"
name = "zipp"
optional = false
python-versions = ">=2.7"
version = "0.5.2"

[metadata]
content-hash = "1814f1f29f448ad9d3108a0cb341cb41f4bbec572a85cffabeb1c797e2964cc2"
python-versions = "*"

[metadata.hashes]
alembic = ["49277bb7242192bbb9eac58fed4fe02ec6c3a2a4b4345d2171197459266482b2"]
appnope = ["5b26757dc6f79a3b7dc9fab95359328d5747fcb2409d331ea66d0272b90ab2a0", "8b995ffe925347a2138d7ac0fe77155e4311a0ea6d6da4f5128fe4b3cbe5ed71"]
argh = ["a9b3aaa1904eeb78e32394cd46c6f37ac0fb4af6dc488daa58971bdc7d7fcaf3", "e9535b8c84dc9571a48999094fda7f33e63c3f1b74f3e5f3ac0105a58405bb65"]
argon2-cffi = ["00e94a65d46c3f6f2ffab769e860efc21f77e55bd8fcdfde422bd07c632b3fcc", "0920cfe813cd82e85c4fa84c8a01801a7cb376a8ed8267a1608e70a886953ac7", "0abe0ab4f3ba927367812a5c345dc6ae7d58129e0c47732746da8058cccdfd55", "13082f670904dcb7f4ef39216139ace2d981f9050a8f3766e566f845e8c634fc", "184fee11f483b9168a32afaea8064abe464c1bb090d320f64f3609f1bbbdb691", "246860c7955aa614518a19277b06dda34902c54535aefd9220d07c774391890e", "27cb7791793a854ca9f9de5cc62e93c1a7812d11d600ef3ca14fe93ae7426799", "49ec16a14e8182ed63daa5d7a13d12da6bfc46eebaac4b238c8d15533b621cf0", "5335f4caae27c00097bdd17c6a07a0ef32f47364cff3141451229c481f82abc6", "61d2b16c08ce5c24f91d2d2917c2300a90bb78672060876a335e1014727ced57", "72fae6bf37c25fdb9b4d30c2b9d658a72ac775249dd132ab3ac03adde619dc14", "73976c0b9d0fc847f967835fce93a9d1c07bf7422f74de2316e25ef6d59ee07e", "748b565d4006a7e9f2b71f9d6ff660b4e150cc38faa29ca1b64b58e238c013b0", "e09d644829887c956478db83c47d1ad26f167b8f08e2ccebc6b78e59aeca60b5", "e27488da690afac92e87cb61ba9cf9a22bff790413f55655ad017456cd58f22c", "f2c7f3cd5fe6770fa21ee3d4bb7ba0e1c207e18ead511d912cbf9571c598c345", "f79045e7673d72ed0f33d78a5e104702f989eb1a0e0eb0ab5534cebc9cdb9142", "ffaa623eea77b497ffbdd1a51e941b33d3bf552c60f14dbee274c4070677bda3"]
atomicwrites = ["03472c30eb2c5d1ba9227e4c2ca66ab8287fbfbbda3888aa93dc2e28fc6811b4", "75a9445bac02d8d058d5e1fe689654ba5a6556a1dfd8ce6ec55a0ed79866cfa6"]
attrs = ["69c0dbf2ed392de1cb5ec704444b08a5ef81680a61cb899dc08127123af36a79", "f0b870f674851ecbfbbbd364d6b5cbdff9dcedbc7f3f5e18a6891057f21fe399"]
"backports.shutil-get-terminal-size" = ["0975ba55054c15e346944b38956a4c9cbee9009391e41b86c68990effb8c1f64", "713e7a8228ae80341c70586d1cc0a8caa5207346927e23d09dcbcaf18eadec80"]
certifi = ["046832c04d4e752f37383b628bc601a7ea7211496b4638f6514d0e5b9acc4939", "945e3ba63a0b9f577b1395204e13c3a231f9bc0223888be653286534e5873695"]
cffi = ["041c81822e9f84b1d9c401182e174996f0bae9991f33725d059b771744290774", "046ef9a22f5d3eed06334d01b1e836977eeef500d9b78e9ef693f9380ad0b83d", "066bc4c7895c91812eff46f4b1c285220947d4aa46fa0a2651ff85f2afae9c90", "066c7ff148ae33040c01058662d6752fd73fbc8e64787229ea8498c7d7f4041b", "2444d0c61f03dcd26dbf7600cf64354376ee579acad77aef459e34efcb438c63", "300832850b8f7967e278870c5d51e3819b9aad8f0a2c8dbe39ab11f119237f45", "34c77afe85b6b9e967bd8154e3855e847b70ca42043db6ad17f26899a3df1b25", "46de5fa00f7ac09f020729148ff632819649b3e05a007d286242c4882f7b1dc3", "4aa8ee7ba27c472d429b980c51e714a24f47ca296d53f4d7868075b175866f4b", "4d0004eb4351e35ed950c14c11e734182591465a33e960a4ab5e8d4f04d72647", "4e3d3f31a1e202b0f5a35ba3bc4eb41e2fc2b11c1eff38b362de710bcffb5016", "50bec6d35e6b1aaeb17f7c4e2b9374ebf95a8975d57863546fa83e8d31bdb8c4", "55cad9a6df1e2a1d62063f79d0881a414a906a6962bc160ac968cc03ed3efcfb", "5662ad4e4e84f1eaa8efce5da695c5d2e229c563f9d5ce5b0113f71321bcf753", "59b4dc008f98fc6ee2bb4fd7fc786a8d70000d058c2bbe2698275bc53a8d3fa7", "73e1ffefe05e4ccd7bcea61af76f36077b914f92b76f95ccf00b0c1b9186f3f9", "a1f0fd46eba2d71ce1589f7e50a9e2ffaeb739fb2c11e8192aa2b45d5f6cc41f", "a2e85dc204556657661051ff4bab75a84e968669765c8a2cd425918699c3d0e8", "a5457d47dfff24882a21492e5815f891c0ca35fefae8aa742c6c263dac16ef1f", "a8dccd61d52a8dae4a825cdbb7735da530179fea472903eb871a5513b5abbfdc", "ae61af521ed676cf16ae94f30fe202781a38d7178b6b4ab622e4eec8cefaff42", "b012a5edb48288f77a63dba0840c92d0504aa215612da4541b7b42d849bc83a3", "d2c5cfa536227f57f97c92ac30c8109688ace8fa4ac086d19d0af47d134e2909", "d42b5796e20aacc9d15e66befb7a345454eef794fdb0737d1af593447c6c8f45", "dee54f5d30d775f525894d67b1495625dd9322945e7fee00731952e0368ff42d", "e070535507bd6aa07124258171be2ee8dfc19119c28ca94c9dfb7efd23564512", "e1ff2748c84d97b065cc95429814cdba39bcbd77c9c85c89344b317dc0d9cbff", "ed851c75d1e0e043cbf5ca9a8e1b13c4c90f3fbd863dacb01c0808e2b5204201"]
chardet = ["84ab92ed1c4d4f16916e05906b6b75a6c0fb5db821cc65e70cbd64a3e2a5eaae", "fc323ffcaeaed0e0a02bf4d117757b98aed530d9ed4531e3e15460124c106691"]
click = ["2335065e6395b9e67ca716de5f7526736bfa6ceead690adf616d925bdc622b13", "5b94b49521f6456670fdb30cd82a4eca9412788a93fa6dd6df72c94d5a8ff2d7"]
colorama = ["05eed71e2e327246ad6b38c540c4a3117230b19679b875190486ddd2d721422d", "f8ac84de7840f5b9c4e3347b3c1eaa50f7e49c2b07596221daec5edaabbd7c48"]
configparser = ["45d1272aad6cfd7a8a06cf5c73f2ceb6a190f6acc1fa707e7f82a4c053b28b18", "bc37850f0cc42a1725a796ef7d92690651bf1af37d744cc63161dac62cabee17"]
contextlib2 = ["509f9419ee91cdd00ba34443217d5ca51f5a364a404e1dce9e8979cea969ca48", "f5260a6e679d2ff42ec91ec5252f4eeffdcf21053db9113bd0a8e4d953769c00"]
coverage = ["007eeef7e23f9473622f7d94a3e029a45d55a92a1f083f0f3512f5ab9a669b05", "0388c12539372bb92d6dde68b4627f0300d948965bbb7fc104924d715fdc0965", "079248312838c4c8f3494934ab7382a42d42d5f365f0cf7516f938dbb3f53f3f", "17307429935f96c986a1b1674f78079528833410750321d22b5fb35d1883828e", "1afccd7e27cac1b9617be8c769f6d8a6d363699c9b86820f40c74cfb3328921c", "2ad357d12971e77360034c1596011a03f50c0f9e1ecd12e081342b8d1aee2236", "2b4d7f03a8a6632598cbc5df15bbca9f778c43db7cf1a838f4fa2c8599a8691a", "2e1a5c6adebb93c3b175103c2f855eda957283c10cf937d791d81bef8872d6ca", "309d91bd7a35063ec7a0e4d75645488bfab3f0b66373e7722f23da7f5b0f34cc", "358d635b1fc22a425444d52f26287ae5aea9e96e254ff3c59c407426f44574f4", "3f4d0b3403d3e110d2588c275540649b1841725f5a11a7162620224155d00ba2", "43a155eb76025c61fc20c3d03b89ca28efa6f5be572ab6110b2fb68eda96bfea", "493082f104b5ca920e97a485913de254cbe351900deed72d4264571c73464cd0", "4c4f368ffe1c2e7602359c2c50233269f3abe1c48ca6b288dcd0fb1d1c679733", "5ff16548492e8a12e65ff3d55857ccd818584ed587a6c2898a9ebbe09a880674", "66f393e10dd866be267deb3feca39babba08ae13763e0fc7a1063cbe1f8e49f6", "700d7579995044dc724847560b78ac786f0ca292867447afda7727a6fbaa082e", "81912cfe276e0069dca99e1e4e6be7b06b5fc8342641c6b472cb2fed7de7ae18", "82cbd3317320aa63c65555aa4894bf33a13fb3a77f079059eb5935eea415938d", "845fddf89dca1e94abe168760a38271abfc2e31863fbb4ada7f9a99337d7c3dc", "87d942863fe74b1c3be83a045996addf1639218c2cb89c5da18c06c0fe3917ea", "9721f1b7275d3112dc7ccf63f0553c769f09b5c25a26ee45872c7f5c09edf6c1", "a4497faa4f1c0fc365ba05eaecfb6b5d24e3c8c72e95938f9524e29dadb15e76", "a7cfaebd8f24c2b537fa6a271229b051cdac9c1734bb6f939ccfc7c055689baa", "ab3508df9a92c1d3362343d235420d08e2662969b83134f8a97dc1451cbe5e84", "b0059630ca5c6b297690a6bf57bf2fdac1395c24b7935fd73ee64190276b743b", "b6cebae1502ce5b87d7c6f532fa90ab345cfbda62b95aeea4e431e164d498a3d", "bd4800e32b4c8d99c3a2c943f1ac430cbf80658d884123d19639bcde90dad44a", "cdd92dd9471e624cd1d8c1a2703d25f114b59b736b0f1f659a98414e535ffb3d", "d00e29b78ff610d300b2c37049a41234d48ea4f2d2581759ebcf67caaf731c31", "d1ee76f560c3c3e8faada866a07a32485445e16ed2206ac8378bd90dadffb9f0", "dd707a21332615108b736ef0b8513d3edaf12d2a7d5fc26cd04a169a8ae9b526", "e3ba9b14607c23623cf38f90b23f5bed4a3be87cbfa96e2e9f4eabb975d1e98b", "e9a0e1caed2a52f15c96507ab78a48f346c05681a49c5b003172f8073da6aa6b", "eea9135432428d3ca7ee9be86af27cb8e56243f73764a9b6c3e0bda1394916be", "f29841e865590af72c4b90d7b5b8e93fd560f5dea436c1d5ee8053788f9285de", "f3a5c6d054c531536a83521c00e5d4004f1e126e2e2556ce399bef4180fbe540", "f87f522bde5540d8a4b11df80058281ac38c44b13ce29ced1e294963dd51a8f8", "f8c55dd0f56d3d618dfacf129e010cbe5d5f94b6951c1b2f13ab1a2f79c284da", "f98b461cb59f117887aa634a66022c0bd394278245ed51189f63a036516e32de", "08907593569fe59baca0bf152c43f3863201efb6113ecb38ce7e97ce339805a6", "0be0f1ed45fc0c185cfd4ecc19a1d6532d72f86a2bac9de7e24541febad72650", "141f08ed3c4b1847015e2cd62ec06d35e67a3ac185c26f7635f4406b90afa9c5", "19e4df788a0581238e9390c85a7a09af39c7b539b29f25c89209e6c3e371270d", "23cc09ed395b03424d1ae30dcc292615c1372bfba7141eb85e11e50efaa6b351", "245388cda02af78276b479f299bbf3783ef0a6a6273037d7c60dc73b8d8d7755", "331cb5115673a20fb131dadd22f5bcaf7677ef758741312bee4937d71a14b2ef", "386e2e4090f0bc5df274e720105c342263423e77ee8826002dcffe0c9533dbca", "3a794ce50daee01c74a494919d5ebdc23d58873747fa0e288318728533a3e1ca", "60851187677b24c6085248f0a0b9b98d49cba7ecc7ec60ba6b9d2e5574ac1ee9", "63a9a5fc43b58735f65ed63d2cf43508f462dc49857da70b8980ad78d41d52fc", "6b62544bb68106e3f00b21c8930e83e584fdca005d4fffd29bb39fb3ffa03cb5", "6ba744056423ef8d450cf627289166da65903885272055fb4b5e113137cfa14f", "7494b0b0274c5072bddbfd5b4a6c6f18fbbe1ab1d22a41e99cd2d00c8f96ecfe", "826f32b9547c8091679ff292a82aca9c7b9650f9fda3e2ca6bf2ac905b7ce888", "93715dffbcd0678057f947f496484e906bf9509f5c1c38fc9ba3922893cda5f5", "9a334d6c83dfeadae576b4d633a71620d40d1c379129d587faa42ee3e2a85cce", "af7ed8a8aa6957aac47b4268631fa1df984643f07ef00acd374e456364b373f5", "bf0a7aed7f5521c7ca67febd57db473af4762b9622254291fbcbb8cd0ba5e33e", "bf1ef9eb901113a9805287e090452c05547578eaab1b62e4ad456fcc049a9b7e", "c0afd27bc0e307a1ffc04ca5ec010a290e49e3afbe841c5cafc5c5a80ecd81c9", "dd579709a87092c6dbee09d1b7cfa81831040705ffa12a1b248935274aee0437", "df6712284b2e44a065097846488f66840445eb987eb81b3cc6e4149e7b6982e1", "e07d9f1a23e9e93ab5c62902833bf3e4b1f65502927379148b6622686223125c", "e2ede7c1d45e65e209d6093b762e98e8318ddeff95317d07a27a2140b80cfd24", "e4ef9c164eb55123c62411f5936b5c2e521b12356037b6e1c2617cef45523d47", "eca2b7343524e7ba246cab8ff00cab47a2d6d54ada3b02772e908a45675722e2", "eee64c616adeff7db37cc37da4180a3a5b6177f5c46b187894e633f088fb5b28", "ef824cad1f980d27f26166f86856efe11eff9912c4fed97d3804820d43fa550c", "efc89291bd5a08855829a3c522df16d856455297cf35ae827a37edac45f466a7", "fa964bae817babece5aa2e8c1af841bebb6d0b9add8e637548809d040443fee0", "ff37757e068ae606659c28c3bd0d923f9d29a85de79bf25b2b34b148473b5025"]
decorator = ["86156361c50488b84a3f148056ea716ca587df2f0de1d34750d35c21312725de", "f069f3a01830ca754ba5258fde2278454a0b5b79e0d7f5c13b3b97e57d4acff6"]
docopt = ["49b3a825280bd66b3aa83585ef59c4a8c82f2c8a522dbe754a8bc8d08c85c491"]
entrypoints = ["589f874b313739ad35be6e0cd7efde2a4e9b6fea91edcc34e58ecbb8dbe56d19", "c70dd71abe5a8c85e55e12c19bd91ccfeec11a6e99044204511f9ed547d48451"]
enum34 = ["2d81cbbe0e73112bdfe6ef8576f2238f2ba27dd0d55752a776c41d38b7da2850", "644837f692e5f550741432dd3f223bbb9852018674981b1664e5dc339387588a", "6bd0f6ad48ec2aa117d3d141940d484deccda84d4fcd884f5c3d93c23ecd8c79", "8ad8c4783bf61ded74527bffb48ed9b54166685e4230386a9ed9b1279e2df5b1"]
flake8 = ["45681a117ecc81e870cbf1262835ae4af5e7a8b08e40b944a8a6e6b895914cfb", "49356e766643ad15072a789a20915d3c91dc89fd313ccd71802303fd67e4deca"]
flake8-bugbear = ["5cef9246d7f6721b8ccc6eeb78cf26dae303097e31da0f307a60e516a23ecd72", "9ac9952cb5838dc26408460cb9d1fbfefbd19cb5c51bb66c6b6c664158f4cb7c"]
flake8-commas = ["d3005899466f51380387df7151fb59afec666a0f4f4a2c6a8995b975de0f44b7", "ee2141a3495ef9789a3894ed8802d03eff1eaaf98ce6d8653a7c573ef101935e"]
flake8-docstrings = ["3d5a31c7ec6b7367ea6506a87ec293b94a0a46c0bce2bb4975b7f1d09b6f3717", "a256ba91bc52307bef1de59e2a009c3cf61c3d0952dbe035d6ff7208940c2edc"]
flake8-print = ["5010e6c138b63b62400da4b06afa33becc5e08bd1fcce9af3752445cf3342f54"]
flake8-string-format = ["68ea72a1a5b75e7018cae44d14f32473c798cf73d75cbaed86c6a9a907b770b2", "774d56103d9242ed968897455ef49b7d6de272000cfa83de5814273a868832f1"]
flask = ["1a21ccca71cee5e55b6a367cc48c6eb47e3c447f76e64d41f3f3f931c17e7c96", "ed1330220a321138de53ec7c534c3d90cf2f7af938c7880fc3da13aa46bf870f"]
flask-shell-ipython = ["f212b4fad6831edf652799c719cd05fd0716edfaa5506eb41ff9ef09109890d3", "fb3b390f4dc03d7a960c62c5b51ce4deca19ceff77e4db3d4670012adc529ebd"]
flask-sqlalchemy = ["0078d8663330dc05a74bc72b3b6ddc441b9a744e2f56fe60af1a5bfc81334327", "6974785d913666587949f7c2946f7001e4fa2cb2d19f4e69ead02e4b8f50b33d"]
freezegun = ["2a4d9c8cd3c04a201e20c313caf8b6338f1cfa4cda43f46a94cc4a9fd13ea5e7", "edfdf5bc6040969e6ed2e36eafe277963bdc8b7c01daeda96c5c8594576c9390"]
funcsigs = ["330cc27ccbf7f1e992e69fef78261dc7c6569012cf397db8d3de0234e6c937ca", "a7bb0f2cf3a3fd1ab2732cb49eba4252c2af4240442415b4abce3b87022a8f50"]
functools32 = ["89d824aa6c358c421a234d7f9ee0bd75933a67c29588ce50aaa3acdf4d403fa0", "f6253dfbe0538ad2e387bd8fdfd9293c925d63553f5813c4e587745416501e6d"]
hypothesis = ["035d95b47651490b138fa45b3239894a60a122ab7e66b93a355b20342506cdcf", "1896d88507c63e55036d7ea4ca73281e1c001167f8c4f92f788dbac7bb811832", "83a5c2cae72b2b5cce13ca4e0df6cc9cc2d057b502e4c111678dae69674471dd"]
idna = ["c357b3f628cf53ae2c4c05627ecc484553142ca23264e593d327bcde5e9c3407", "ea8b7f6188e6fa117537c3df7da9fc686d485087abf6ac197f9c46432f7e4a3c"]
importlib-metadata = ["23d3d873e008a513952355379d93cbcab874c58f4f034ff657c7a87422fa64e8", "80d2de76188eabfbfcf27e6a37342c2827801e59c4cc14b0371c56fed43820e3"]
ipython = ["0371b7e4bd74954a35086eac949beeac5b1c9f5ce231e2e77df2286a293765e3", "37101b8cbe072fe17bff100bc03d096404e4a9a0357097aeb5b61677c042cab1", "4bac649857611baaaf76bc82c173aa542f7486446c335fe1a6c05d0d491c8906"]
ipython-genutils = ["72dd37233799e619666c9f639a9da83c34013a73e8bbc79a7a6348d93c61fab8", "eb2e116e75ecef9d4d228fdc66af54269afa26ab4463042e33785b887c628ba8"]
itsdangerous = ["321b033d07f2a4136d3ec762eac9f16a10ccd60f53c0c91af90217ace7ba1f19", "b12271b2047cb23eeb98c8b5622e2e5c5e9abd9784a153e9d8ef9cb4dd09d749"]
jinja2 = ["065c4f02ebe7f7cf559e49ee5a95fb800a9e4528727aec6f24402a5374c65013", "14dd6caf1527abb21f08f86c784eac40853ba93edb79552aa1e4b8aef1b61c7b"]
mako = ["a36919599a9b7dc5d86a7a8988f23a9a3a3d083070023bab23d64f7f1d1e0a4b"]
markupsafe = ["00bc623926325b26bb9605ae9eae8a215691f33cae5df11ca5424f06f2d1f473", "09027a7803a62ca78792ad89403b1b7a73a01c8cb65909cd876f7fcebd79b161", "09c4b7f37d6c648cb13f9230d847adf22f8171b1ccc4d5682398e77f40309235", "1027c282dad077d0bae18be6794e6b6b8c91d58ed8a8d89a89d59693b9131db5", "13d3144e1e340870b25e7b10b98d779608c02016d5184cfb9927a9f10c689f42", "24982cc2533820871eba85ba648cd53d8623687ff11cbb805be4ff7b4c971aff", "29872e92839765e546828bb7754a68c418d927cd064fd4708fab9fe9c8bb116b", "43a55c2930bbc139570ac2452adf3d70cdbb3cfe5912c71cdce1c2c6bbd9c5d1", "46c99d2de99945ec5cb54f23c8cd5689f6d7177305ebff350a58ce5f8de1669e", "500d4957e52ddc3351cabf489e79c91c17f6e0899158447047588650b5e69183", "535f6fc4d397c1563d08b88e485c3496cf5784e927af890fb3c3aac7f933ec66", "596510de112c685489095da617b5bcbbac7dd6384aeebeda4df6025d0256a81b", "62fe6c95e3ec8a7fad637b7f3d372c15ec1caa01ab47926cfdf7a75b40e0eac1", "6788b695d50a51edb699cb55e35487e430fa21f1ed838122d722e0ff0ac5ba15", "6dd73240d2af64df90aa7c4e7481e23825ea70af4b4922f8ede5b9e35f78a3b1", "717ba8fe3ae9cc0006d7c451f0bb265ee07739daf76355d06366154ee68d221e", "79855e1c5b8da654cf486b830bd42c06e8780cea587384cf6545b7d9ac013a0b", "7c1699dfe0cf8ff607dbdcc1e9b9af1755371f92a68f706051cc8c37d447c905", "88e5fcfb52ee7b911e8bb6d6aa2fd21fbecc674eadd44118a9cc3863f938e735", "8defac2f2ccd6805ebf65f5eeb132adcf2ab57aa11fdf4c0dd5169a004710e7d", "98c7086708b163d425c67c7a91bad6e466bb99d797aa64f965e9d25c12111a5e", "9add70b36c5666a2ed02b43b335fe19002ee5235efd4b8a89bfcf9005bebac0d", "9bf40443012702a1d2070043cb6291650a0841ece432556f784f004937f0f32c", "ade5e387d2ad0d7ebf59146cc00c8044acbd863725f887353a10df825fc8ae21", "b00c1de48212e4cc9603895652c5c410df699856a2853135b3967591e4beebc2", "b1282f8c00509d99fef04d8ba936b156d419be841854fe901d8ae224c59f0be5", "b2051432115498d3562c084a49bba65d97cf251f5a331c64a12ee7e04dacc51b", "ba59edeaa2fc6114428f1637ffff42da1e311e29382d81b339c1817d37ec93c6", "c8716a48d94b06bb3b2524c2b77e055fb313aeb4ea620c8dd03a105574ba704f", "cd5df75523866410809ca100dc9681e301e3c27567cf498077e8551b6d20e42f", "cdb132fc825c38e1aeec2c8aa9338310d29d337bebbd7baa06889d09a60a1fa2", "e249096428b3ae81b08327a63a485ad0878de3fb939049038579ac0ef61e17e7", "e8313f01ba26fbbe36c7be1966a7b7424942f670f38e666995b88d012765b9be"]
marshmallow = ["7cb1881a0fa84be4b5c1e301168236932c345f6910725f99905d636bfe93e9e9", "e9390c0c80437d7a02d84e3d1635dc20f37a8bcb149ca443d93791bdc683f28d"]
mccabe = ["ab8a6258860da4b6677da4bd2fe5dc2c659cff31b3ee4f7f5d64e79735b80d42", "dd8d182285a0fe56bace7f45b5e7d1a6ebcbf524e8f3bd87eb0f125271b8831f"]
more-itertools = ["38a936c0a6d98a38bcc2d03fdaaedaba9f412879461dd2ceff8d37564d6522e4", "c0a5785b1109a6bd7fac76d6837fd1feca158e54e521ccd2ae8bfe393cc9d4fc", "fe7a7cae1ccb57d33952113ff4fa1bc5f879963600ed74918f1236e212ee50b9", "409cd48d4db7052af495b09dec721011634af3753ae1ef92d2b32f73a745f832", "92b8c4b06dac4f0611c0729b2f2ede52b2e1bac1ab48f089c7ddc12e26bb60c4"]
packaging = ["a7ac867b97fdc07ee80a8058fe4435ccd274ecc3b0ed61d852d7d53055528cf9", "c491ca87294da7cc01902edbe30a5bc6c4c28172b5138ab4e4aa1b9d7bfaeafe"]
passlib = ["68c35c98a7968850e17f1b6892720764cc7eed0ef2b7cb3116a89a28e43fe177", "8d666cef936198bc2ab47ee9b0410c94adf2ba798e5a84bf220be079ae7ab6a8"]
pathlib2 = ["2156525d6576d21c4dcaddfa427fae887ef89a7a9de5cbfe0728b3aafa78427e", "446014523bb9be5c28128c4d2a10ad6bb60769e78bd85658fe44a450674e0ef8"]
pathtools = ["7c35c5421a39bb82e58018febd90e3b6e5db34c5443aaaf742b3f33d4655f1c0"]
pexpect = ["2094eefdfcf37a1fdbfb9aa090862c1a4878e5c7e0e7e7088bdb511c558e5cd1", "9e2c1fd0e6ee3a49b28f95d4b33bc389c89b20af6a1255906e90ff1262ce62eb"]
pickleshare = ["87683d47965c1da65cdacaf31c8441d12b8044cdec9aca500cd78fc2c683afca", "9649af414d74d4df115d5d718f82acb59c9d418196b7b4290ed47a12ce62df56"]
pluggy = ["0825a152ac059776623854c1543d65a4ad408eb3d33ee114dff91e57ec6ae6fc", "b9817417e95936bf75d85d3f8767f7df6cdde751fc40aed3bb3074cbcb77757c"]
prompt-toolkit = ["1e71341526efa4b11bb44d323e687a5d9cef204aabe2907e3f0dc1534cda0ecc", "955d81315bb7a049f19cd17d1a73f1a40861483260f7dffd825e98303a8bd6b6", "c1cedd626e08b8ee830ee65897de754113ff3f3035880030c08b01674d85c5b4"]
psycopg2 = ["4212ca404c4445dc5746c0d68db27d2cbfb87b523fe233dc84ecd24062e35677", "47fc642bf6f427805daf52d6e52619fe0637648fe27017062d898f3bf891419d", "72772181d9bad1fa349792a1e7384dde56742c14af2b9986013eb94a240f005b", "8396be6e5ff844282d4d49b81631772f80dabae5658d432202faf101f5283b7c", "893c11064b347b24ecdd277a094413e1954f8a4e8cdaf7ffbe7ca3db87c103f0", "92a07dfd4d7c325dd177548c4134052d4842222833576c8391aab6f74038fc3f", "965c4c93e33e6984d8031f74e51227bd755376a9df6993774fd5b6fb3288b1f4", "9ab75e0b2820880ae24b7136c4d230383e07db014456a476d096591172569c38", "b0845e3bdd4aa18dc2f9b6fb78fbd3d9d371ad167fd6d1b7ad01c0a6cdad4fc6", "dca2d7203f0dfce8ea4b3efd668f8ea65cd2b35112638e488a4c12594015f67b", "ed686e5926929887e2c7ae0a700e32c6129abb798b4ad2b846e933de21508151", "ef6df7e14698e79c59c7ee7cf94cd62e5b869db369ed4b1b8f7b729ea825712a", "f898e5cc0a662a9e12bde6f931263a1bbd350cfb18e1d5336a12927851825bb6"]
ptyprocess = ["923f299cc5ad920c68f2bc0bc98b75b9f838b93b599941a6b63ddbc2476394c0", "d7cc528d76e76342423ca640335bd3633420dc1366f258cb31d05e865ef5ca1f"]
pwgen = ["4723279de6f2a5e8e1ab49374334c920d423c5e3d2c224ae5bf82b57b3ac2b3f"]
py = ["64f65755aee5b381cea27766a3a147c3f15b9b6b9ac88676de66ba2ae36793fa", "dc639b046a6e2cff5bbe40194ad65936d6ba360b52b3c3fe1d08a82dd50b5e53"]
pycodestyle = ["95a2219d12372f05704562a14ec30bc76b05a5b297b21a5dfe3f6fac3491ae56", "e40a936c9a450ad81df37f549d676d127b1b66000a6c500caa2b085bc0ca976c"]
pycparser = ["a988718abfad80b6b157acce7bf130a30876d27603738ac39f140993246b25b3"]
pydocstyle = ["58c421dd605eec0bce65df8b8e5371bb7ae421582cdf0ba8d9435ac5b0ffc36a", "04c84e034ebb56eb6396c820442b8c4499ac5eb94a3bda88951ac3dc519b6058", "66aff87ffe34b1e49bff2dd03a88ce6843be2f3346b0c9814410d34987fbab59"]
pyflakes = ["17dbeb2e3f4d772725c777fabc446d5634d1038f234e77343108ce445ea69ce0", "d976835886f8c5b31d47970ed689944a0262b5f3afa00a5a7b4dc81e5449f8a2"]
pygments = ["5ffada19f6203563680669ee7f53b64dabbeb100eb51b61996085e99c03b284a", "e8218dd399a61674745138520d0d4cf2621d7e032439341bc3f647bff125818d", "71e430bc85c88a430f000ac1d9b331d2407f681d6f6aec95e8bcfbc3df5b0127", "881c4c157e45f30af185c1ffe8d549d48ac9127433f2c380c24b84572ad66297"]
pyparsing = ["6f98a7b9397e206d78cc01df10131398f1c8b8510a2f4d97d9abd82e1aacdd80", "d9338df12903bbf5d65a0e4e87c2161968b10d2e489652bb47001d82a9b028b4"]
pytest = ["65e92898fb5b61d0a1d7319c3e6dcf97e599e331cfdc2b27f20c0d87ece19239", "9ea149066f566c943d3122f4b1cf1b577cab73189d11f490b54703fa5fa9df50"]
pytest-cov = ["cc6742d8bac45070217169f5f72ceee1e0e55b0221f54bcf24845972d3a47f2b", "cdbdef4f870408ebdbfeb44e63e07eb18bb4619fae852f6e760645fa36172626"]
pytest-flask = ["283730b469604ecb94caac28df99a40b7c785b828dd8d3323596718b51dfaeb2", "d874781b622210d8c5d8061cdb091cb059fcb12203125110bd8e6f9256ccbf49"]
pytest-watch = ["06136f03d5b361718b8d0d234042f7b2f203910d8568f63df2f866b547b3d4b9"]
python-dateutil = ["7e6584c74aeed623791615e26efd690f29817a27c73085b78e4bad02493df2fb", "c89805f6f4d64db21ed966fda138f8a5ed7a4fdbc1a8ee329ce1b74e3c74da9e"]
python-editor = ["1bf6e860a8ad52a14c3ee1252d5dc25b2030618ed80c022598f00176adc8367d", "51fda6bcc5ddbbb7063b2af7509e43bd84bfc32a4ff71349ec7847713882327b", "5f98b069316ea1c2ed3f67e7f5df6c0d8f10b689964a4a811ff64f0106819ec8", "c3da2053dbab6b29c94e43c486ff67206eafbe7eb52dbec7390b5e2fb05aac77", "ea87e17f6ec459e780e4221f295411462e0d0810858e055fc514684350a2f522"]
pyyaml = ["0113bc0ec2ad727182326b61326afa3d1d8280ae1122493553fd6f4397f33df9", "01adf0b6c6f61bd11af6e10ca52b7d4057dd0be0343eb9283c878cf3af56aee4", "5124373960b0b3f4aa7df1707e63e9f109b5263eca5976c66e08b1c552d4eaf8", "5ca4f10adbddae56d824b2c09668e91219bb178a1eee1faa56af6f99f11bf696", "7907be34ffa3c5a32b60b95f4d95ea25361c951383a894fec31be7252b2b6f34", "7ec9b2a4ed5cad025c2278a1e6a19c011c80a3caaac804fd2d329e9cc2c287c9", "87ae4c829bb25b9fe99cf71fbb2140c448f534e24c998cc60f39ae4f94396a73", "9de9919becc9cc2ff03637872a440195ac4241c80536632fffeb6a1e25a74299", "a5a85b10e450c66b49f98846937e8cfca1db3127a9d5d1e31ca45c3d0bef4c5b", "b0997827b4f6a7c286c01c5f60384d218dca4ed7d9efa945c3e1aa623d5709ae", "b631ef96d3222e62861443cc89d6563ba3eeb816eeb96b2629345ab795e53681", "bf47c0607522fdbca6c9e817a6e81b08491de50f3766a7a0e6a5be7905961b41", "f81025eddd0327c7d4cfe9b62cf33190e1e736cc6e97502b3ec425f574b3e7a8"]
requests = ["502a824f31acdacb3a35b6690b5fbf0bc41d63a24a45c4004352b0242707598e", "7bf2a778576d825600030a110f3c0e3e8edc51dfaafe1c146e39a2027784957b"]
retry = ["ccddf89761fa2c726ab29391837d4327f819ea14d244c232a1d24c67a2f98606", "f8bfa8b99b69c4506d6f5bd3b0aabf77f98cdb17f3c9fc3f5ca820033336fba4"]
scandir = ["2586c94e907d99617887daed6c1d102b5ca28f1085f90446554abf1faf73123e", "2ae41f43797ca0c11591c0c35f2f5875fa99f8797cb1a1fd440497ec0ae4b022", "2b8e3888b11abb2217a32af0766bc06b65cc4a928d8727828ee68af5a967fa6f", "2c712840c2e2ee8dfaf36034080108d30060d759c7b73a01a52251cc8989f11f", "4d4631f6062e658e9007ab3149a9b914f3548cb38bfb021c64f39a025ce578ae", "67f15b6f83e6507fdc6fca22fedf6ef8b334b399ca27c6b568cbfaa82a364173", "7d2d7a06a252764061a020407b997dd036f7bd6a175a5ba2b345f0a357f0b3f4", "8c5922863e44ffc00c5c693190648daa6d15e7c1207ed02d6f46a8dcc2869d32", "92c85ac42f41ffdc35b6da57ed991575bdbe69db895507af88b9f499b701c188", "b24086f2375c4a094a6b51e78b4cf7ca16c721dcee2eddd7aa6494b42d6d519d", "cb925555f43060a1745d0a321cca94bcea927c50114b623d73179189a4e100ac"]
simplegeneric = ["dc972e06094b9af5b855b3df4a646395e43d1c9d0d39ed345b7393560d0b9173"]
six = ["3350809f0555b11f552448330d0b52d5f24c91a322ea4a15ef22629740f3761c", "d16a0141ec1a18405cd4ce8b4613101da75da0e9a7aec5bdd4fa804d0e0eba73"]
snowballstemmer = ["9f3b9ffe0809d174f7047e121431acf99c89a7040f0ca84f94ba53a498e6d0c9"]
sqlalchemy = ["afa5541e9dea8ad0014251bc9d56171ca3d8b130c9627c6cb3681cff30be3f8a"]
sqlalchemy-utils = ["db030c8f00526bfb7a9c659bfaf75deaa7b0002e89e3f84784e24e09a43473f2"]
traitlets = ["9c4bd2d267b7153df9152698efb1050a5d84982d3384a37b2c1f7723ba3e7835", "c6cb5e6f57c5a9bdaa40fa71ce7b4af30298fbab9ece9815b5d995ab6217c7d9"]
typing = ["38566c558a0a94d6531012c8e917b1b8518a41e418f7f15f00e129cc80162ad3", "53765ec4f83a2b720214727e319607879fec4acde22c4fbb54fa2604e79e44ce", "84698954b4e6719e912ef9a42a2431407fe3755590831699debda6fba92aac55"]
urllib3 = ["06330f386d6e4b195fbfc736b297f58c5a892e4440e54d294d7004e3a9bbea1b", "cc44da8e1145637334317feebd728bd869a35285b93cbb4cca2577da7e62db4f", "2393a695cd12afedd0dcb26fe5d50d0cf248e5a66f75dbd89a3d4eb333a61af4", "a637e5fae88995b256e3409dc4d52c2e2e0ba32c42a6365fee8bbd2238de3cfb"]
watchdog = ["965f658d0732de3188211932aeb0bb457587f04f63ab4c1e33eab878e9de961d"]
wcwidth = ["3df37372226d6e63e1b1e1eda15c594bca98a22d33a23832a90998faa96bc65e", "f4ebe71925af7b40a864553f761ed559b43544f8f71746c2d756c7fe788ade7c"]
webargs = ["3beca296598067cec24a0b6f91c0afcc19b6e3c4d84ab026b931669628bb47b4", "3f9dc15de183d356c9a0acc159c100ea0506c0c240c1e6f1d8b308c5fed4dbbd", "fa4ad3ad9b38bedd26c619264fdc50d7ae014b49186736bca851e5b5228f2a1b"]
werkzeug = ["87ae4e5b5366da2347eb3116c0e6c681a0e939a33b2805e2c0cbd282664932c4", "a13b74dd3c45f758d4ebdb224be8f1ab8ef58b3c0ffc1783a8c7d9f4f50227e6"]
win-unicode-console = ["d4142d4d56d46f449d6f00536a73625a871cba040f0bc1a2e305a04578f07d1e"]
zipp = ["4970c3758f4e89a7857a973b1e2a5d75bcdc47794442f2e2dd4fe8e0466e809a", "8a5712cfd3bb4248015eb3b0b3c54a5f6ee3f2425963ef2a0125b8bc40aafaec"]
